
Microsoft Visual Studio Solution File, Format Version 12.00
# Visual Studio Version 17
VisualStudioVersion = 17.2.32616.157
MinimumVisualStudioVersion = 10.0.40219.1
Project("{FAE04EC0-301F-11D3-BF4B-00C04F79EFBC}") = "Windows Handler", "Windows Handler.csproj", "{D40F5612-9AB1-4972-891A-5841A13F4B2B}"
EndProject
Global
	GlobalSection(SolutionConfigurationPlatforms) = preSolution
		Debug|Any CPU = Debug|Any CPU
		Release|Any CPU = Release|Any CPU
	EndGlobalSection
	GlobalSection(ProjectConfigurationPlatforms) = postSolution
		{D40F5612-9AB1-4972-891A-5841A13F4B2B}.Debug|Any CPU.ActiveCfg = Debug|Any CPU
		{D40F5612-9AB1-4972-891A-5841A13F4B2B}.Debug|Any CPU.Build.0 = Debug|Any CPU
		{D40F5612-9AB1-4972-891A-5841A13F4B2B}.Release|Any CPU.ActiveCfg = Release|Any CPU
		{D40F5612-9AB1-4972-891A-5841A13F4B2B}.Release|Any CPU.Build.0 = Release|Any CPU
	EndGlobalSection
	GlobalSection(SolutionProperties) = preSolution
		HideSolutionNode = FALSE
	EndGlobalSection
	GlobalSection(ExtensibilityGlobals) = postSolution
		SolutionGuid = {531239BC-C47B-4510-A8C8-99431D5C77D3}
	EndGlobalSection
EndGlobal
